
Microsoft Visual Studio Solution File, Format Version 12.00
# Visual Studio Version 16
VisualStudioVersion = 16.0.31702.278
MinimumVisualStudioVersion = 10.0.40219.1
Project("{FAE04EC0-301F-11D3-BF4B-00C04F79EFBC}") = "Module 1.1_Exercise 7_1", "Module 1.1_Exercise 7_1\Module 1.1_Exercise 7_1.csproj", "{298A14BA-2328-4C7A-8DE5-6956A0D753EA}"
EndProject
Global
	GlobalSection(SolutionConfigurationPlatforms) = preSolution
		Debug|Any CPU = Debug|Any CPU
		Release|Any CPU = Release|Any CPU
	EndGlobalSection
	GlobalSection(ProjectConfigurationPlatforms) = postSolution
		{298A14BA-2328-4C7A-8DE5-6956A0D753EA}.Debug|Any CPU.ActiveCfg = Debug|Any CPU
		{298A14BA-2328-4C7A-8DE5-6956A0D753EA}.Debug|Any CPU.Build.0 = Debug|Any CPU
		{298A14BA-2328-4C7A-8DE5-6956A0D753EA}.Release|Any CPU.ActiveCfg = Release|Any CPU
		{298A14BA-2328-4C7A-8DE5-6956A0D753EA}.Release|Any CPU.Build.0 = Release|Any CPU
	EndGlobalSection
	GlobalSection(SolutionProperties) = preSolution
		HideSolutionNode = FALSE
	EndGlobalSection
	GlobalSection(ExtensibilityGlobals) = postSolution
		SolutionGuid = {01F3CEA7-31CD-4D22-B514-B8B7A78A177C}
	EndGlobalSection
EndGlobal
